// !$*UTF8*$!
{
	archiveVersion = 1;
	classes = {
	};
	objectVersion = 55;
	objects = {

/* Begin PBXBuildFile section */
		C633E5A827E5B79C00B2FFD8 /* AppDelegate.swift in Sources */ = {isa = PBXBuildFile; fileRef = C633E5A727E5B79C00B2FFD8 /* AppDelegate.swift */; };
		C633E5AA27E5B79C00B2FFD8 /* SceneDelegate.swift in Sources */ = {isa = PBXBuildFile; fileRef = C633E5A927E5B79C00B2FFD8 /* SceneDelegate.swift */; };
		C633E5AC27E5B79C00B2FFD8 /* ViewController.swift in Sources */ = {isa = PBXBuildFile; fileRef = C633E5AB27E5B79C00B2FFD8 /* ViewController.swift */; };
		C633E5AF27E5B79C00B2FFD8 /* Main.storyboard in Resources */ = {isa = PBXBuildFile; fileRef = C633E5AD27E5B79C00B2FFD8 /* Main.storyboard */; };
		C633E5B127E5B79E00B2FFD8 /* Assets.xcassets in Resources */ = {isa = PBXBuildFile; fileRef = C633E5B027E5B79E00B2FFD8 /* Assets.xcassets */; };
		C633E5B427E5B79E00B2FFD8 /* LaunchScreen.storyboard in Resources */ = {isa = PBXBuildFile; fileRef = C633E5B227E5B79E00B2FFD8 /* LaunchScreen.storyboard */; };
		C633E5C227E5B90600B2FFD8 /* Constant.swift in Sources */ = {isa = PBXBuildFile; fileRef = C633E5C127E5B90600B2FFD8 /* Constant.swift */; };
		C633E5C427E5B90F00B2FFD8 /* Key.swift in Sources */ = {isa = PBXBuildFile; fileRef = C633E5C327E5B90F00B2FFD8 /* Key.swift */; };
		C633E5C627E5B91B00B2FFD8 /* BaseViewController.swift in Sources */ = {isa = PBXBuildFile; fileRef = C633E5C527E5B91B00B2FFD8 /* BaseViewController.swift */; };
		C633E5C827E5B96400B2FFD8 /* IndicatorView.swift in Sources */ = {isa = PBXBuildFile; fileRef = C633E5C727E5B96400B2FFD8 /* IndicatorView.swift */; };
		C633E5CA27E5B96900B2FFD8 /* Device.swift in Sources */ = {isa = PBXBuildFile; fileRef = C633E5C927E5B96900B2FFD8 /* Device.swift */; };
		C633E5CD27E5B98B00B2FFD8 /* Date.swift in Sources */ = {isa = PBXBuildFile; fileRef = C633E5CC27E5B98B00B2FFD8 /* Date.swift */; };
		C633E5CF27E5B99000B2FFD8 /* String.swift in Sources */ = {isa = PBXBuildFile; fileRef = C633E5CE27E5B99000B2FFD8 /* String.swift */; };
		C633E5D127E5B99400B2FFD8 /* UIColor.swift in Sources */ = {isa = PBXBuildFile; fileRef = C633E5D027E5B99400B2FFD8 /* UIColor.swift */; };
		C633E5D327E5B99800B2FFD8 /* UIFont.swift in Sources */ = {isa = PBXBuildFile; fileRef = C633E5D227E5B99800B2FFD8 /* UIFont.swift */; };
		C633E5D527E5B99C00B2FFD8 /* UIButton.swift in Sources */ = {isa = PBXBuildFile; fileRef = C633E5D427E5B99C00B2FFD8 /* UIButton.swift */; };
		C633E5D727E5B9A200B2FFD8 /* UIViewController.swift in Sources */ = {isa = PBXBuildFile; fileRef = C633E5D627E5B9A200B2FFD8 /* UIViewController.swift */; };
		C633E5D927E5B9A700B2FFD8 /* UINavigationBar.swift in Sources */ = {isa = PBXBuildFile; fileRef = C633E5D827E5B9A700B2FFD8 /* UINavigationBar.swift */; };
		C633E5DB27E5B9AE00B2FFD8 /* UIView.swift in Sources */ = {isa = PBXBuildFile; fileRef = C633E5DA27E5B9AE00B2FFD8 /* UIView.swift */; };
		C633E5E627E5BC4C00B2FFD8 /* MainTabController.swift in Sources */ = {isa = PBXBuildFile; fileRef = C633E5E527E5BC4C00B2FFD8 /* MainTabController.swift */; };
		C633E5E827E5BC5100B2FFD8 /* HomeViewController.swift in Sources */ = {isa = PBXBuildFile; fileRef = C633E5E727E5BC5100B2FFD8 /* HomeViewController.swift */; };
		C633E5EA27E5BC5700B2FFD8 /* CategoryViewController.swift in Sources */ = {isa = PBXBuildFile; fileRef = C633E5E927E5BC5700B2FFD8 /* CategoryViewController.swift */; };
		C633E5EC27E5BC5F00B2FFD8 /* SearchViewController.swift in Sources */ = {isa = PBXBuildFile; fileRef = C633E5EB27E5BC5E00B2FFD8 /* SearchViewController.swift */; };
		C633E5EE27E5BC6500B2FFD8 /* ProfileViewController.swift in Sources */ = {isa = PBXBuildFile; fileRef = C633E5ED27E5BC6500B2FFD8 /* ProfileViewController.swift */; };
		C633E5F227E5C83500B2FFD8 /* HomeFirstSubController.swift in Sources */ = {isa = PBXBuildFile; fileRef = C633E5F127E5C83500B2FFD8 /* HomeFirstSubController.swift */; };
		C633E5F527E5C8B500B2FFD8 /* HomeSecondSubController.swift in Sources */ = {isa = PBXBuildFile; fileRef = C633E5F427E5C8B500B2FFD8 /* HomeSecondSubController.swift */; };
		C633E5F727E5C8D200B2FFD8 /* HomeThirdSubController.swift in Sources */ = {isa = PBXBuildFile; fileRef = C633E5F627E5C8D200B2FFD8 /* HomeThirdSubController.swift */; };
		C633E5F927E5C8E800B2FFD8 /* HomeFourthSubController.swift in Sources */ = {isa = PBXBuildFile; fileRef = C633E5F827E5C8E800B2FFD8 /* HomeFourthSubController.swift */; };
		C633E5FB27E5C8EF00B2FFD8 /* HomeFifthSubController.swift in Sources */ = {isa = PBXBuildFile; fileRef = C633E5FA27E5C8EF00B2FFD8 /* HomeFifthSubController.swift */; };
		C633E60127E5CCA700B2FFD8 /* HomeViewAdCell.swift in Sources */ = {isa = PBXBuildFile; fileRef = C633E60027E5CCA700B2FFD8 /* HomeViewAdCell.swift */; };
		C633E60327E5DB0000B2FFD8 /* ItemInfoCell.swift in Sources */ = {isa = PBXBuildFile; fileRef = C633E60227E5DB0000B2FFD8 /* ItemInfoCell.swift */; };
		C633E60527E5ECC300B2FFD8 /* RoundButton.swift in Sources */ = {isa = PBXBuildFile; fileRef = C633E60427E5ECC300B2FFD8 /* RoundButton.swift */; };
		C633E60727E5F44800B2FFD8 /* ItemCountHeader.swift in Sources */ = {isa = PBXBuildFile; fileRef = C633E60627E5F44800B2FFD8 /* ItemCountHeader.swift */; };
		C633E60927E6083000B2FFD8 /* ItemListFooter.swift in Sources */ = {isa = PBXBuildFile; fileRef = C633E60827E6083000B2FFD8 /* ItemListFooter.swift */; };
		C633E60B27E612AE00B2FFD8 /* ItemListHeader.swift in Sources */ = {isa = PBXBuildFile; fileRef = C633E60A27E612AE00B2FFD8 /* ItemListHeader.swift */; };
		C633E61227E637FA00B2FFD8 /* clock_1s.json in Resources */ = {isa = PBXBuildFile; fileRef = C633E61127E637FA00B2FFD8 /* clock_1s.json */; };
		C633E61627E6495F00B2FFD8 /* UICollectionView.swift in Sources */ = {isa = PBXBuildFile; fileRef = C633E61527E6495F00B2FFD8 /* UICollectionView.swift */; };
		C65E0C5827EA16D8003921B9 /* ItemDetailViewHeader.swift in Sources */ = {isa = PBXBuildFile; fileRef = C65E0C5727EA16D8003921B9 /* ItemDetailViewHeader.swift */; };
		C65E0C5A27EA2D19003921B9 /* ItemDetailViewCell.swift in Sources */ = {isa = PBXBuildFile; fileRef = C65E0C5927EA2D19003921B9 /* ItemDetailViewCell.swift */; };
		C65E0C5C27EDD5F2003921B9 /* UserManagementManager.swift in Sources */ = {isa = PBXBuildFile; fileRef = C65E0C5B27EDD5F2003921B9 /* UserManagementManager.swift */; };
		C65E0C6027EDD616003921B9 /* UserResponse.swift in Sources */ = {isa = PBXBuildFile; fileRef = C65E0C5F27EDD616003921B9 /* UserResponse.swift */; };
		C65E0C6227EDD637003921B9 /* JoinUserRequest.swift in Sources */ = {isa = PBXBuildFile; fileRef = C65E0C6127EDD637003921B9 /* JoinUserRequest.swift */; };
		C65E0C6427EDD791003921B9 /* JoinUserResponse.swift in Sources */ = {isa = PBXBuildFile; fileRef = C65E0C6327EDD791003921B9 /* JoinUserResponse.swift */; };
		C65E0C6627EE0A56003921B9 /* LoginUserRequest.swift in Sources */ = {isa = PBXBuildFile; fileRef = C65E0C6527EE0A56003921B9 /* LoginUserRequest.swift */; };
		C65E0C6827EE0A71003921B9 /* LoginUserResponse.swift in Sources */ = {isa = PBXBuildFile; fileRef = C65E0C6727EE0A71003921B9 /* LoginUserResponse.swift */; };
		C65E0C6B27EE1175003921B9 /* ItemManagementManager.swift in Sources */ = {isa = PBXBuildFile; fileRef = C65E0C6A27EE1175003921B9 /* ItemManagementManager.swift */; };
		C65E0C6E27EE133D003921B9 /* ItemInfoResponse.swift in Sources */ = {isa = PBXBuildFile; fileRef = C65E0C6D27EE133D003921B9 /* ItemInfoResponse.swift */; };
		C65E0C7027EE15F5003921B9 /* ItemInfo.swift in Sources */ = {isa = PBXBuildFile; fileRef = C65E0C6F27EE15F5003921B9 /* ItemInfo.swift */; };
		C65E0C7227EE47E5003921B9 /* UpdateUserRequest.swift in Sources */ = {isa = PBXBuildFile; fileRef = C65E0C7127EE47E5003921B9 /* UpdateUserRequest.swift */; };
		C65E0C7427EE49DE003921B9 /* UpdateUserResponse.swift in Sources */ = {isa = PBXBuildFile; fileRef = C65E0C7327EE49DE003921B9 /* UpdateUserResponse.swift */; };
		C65E0C7627EF53D7003921B9 /* UIImageView.swift in Sources */ = {isa = PBXBuildFile; fileRef = C65E0C7527EF53D7003921B9 /* UIImageView.swift */; };
		C6EA537127E6D13D0033DECA /* Lottie in Frameworks */ = {isa = PBXBuildFile; productRef = C6EA537027E6D13D0033DECA /* Lottie */; };
		C6EA537427E6D1450033DECA /* Alamofire in Frameworks */ = {isa = PBXBuildFile; productRef = C6EA537327E6D1450033DECA /* Alamofire */; };
		C6EA537727E6D14F0033DECA /* Tabman in Frameworks */ = {isa = PBXBuildFile; productRef = C6EA537627E6D14F0033DECA /* Tabman */; };
		C6EA537927E6D2BD0033DECA /* HomeViewMDPickCell.swift in Sources */ = {isa = PBXBuildFile; fileRef = C6EA537827E6D2BD0033DECA /* HomeViewMDPickCell.swift */; };
		C6EA537B27E6D2E20033DECA /* HomeViewMDPickFooter.swift in Sources */ = {isa = PBXBuildFile; fileRef = C6EA537A27E6D2E20033DECA /* HomeViewMDPickFooter.swift */; };
		C6EA538027E6D3FD0033DECA /* HomeViewMDPickHeader.swift in Sources */ = {isa = PBXBuildFile; fileRef = C6EA537F27E6D3FD0033DECA /* HomeViewMDPickHeader.swift */; };
		C6EA538227E6D61B0033DECA /* VegetableViewController.swift in Sources */ = {isa = PBXBuildFile; fileRef = C6EA538127E6D61B0033DECA /* VegetableViewController.swift */; };
		C6EA538627E6D69C0033DECA /* FruitViewController.swift in Sources */ = {isa = PBXBuildFile; fileRef = C6EA538527E6D69C0033DECA /* FruitViewController.swift */; };
		C6EA538827E6D6AC0033DECA /* SeaFoodViewController.swift in Sources */ = {isa = PBXBuildFile; fileRef = C6EA538727E6D6AC0033DECA /* SeaFoodViewController.swift */; };
		C6EA538A27E6D6BD0033DECA /* MeatViewController.swift in Sources */ = {isa = PBXBuildFile; fileRef = C6EA538927E6D6BD0033DECA /* MeatViewController.swift */; };
		C6EA538C27E6D6CA0033DECA /* SoupViewController.swift in Sources */ = {isa = PBXBuildFile; fileRef = C6EA538B27E6D6CA0033DECA /* SoupViewController.swift */; };
		C6EA538E27E6DBE00033DECA /* HomeMDPickViewController.swift in Sources */ = {isa = PBXBuildFile; fileRef = C6EA538D27E6DBE00033DECA /* HomeMDPickViewController.swift */; };
		C6EA539027E6E3F60033DECA /* CategoryTableViewCell.swift in Sources */ = {isa = PBXBuildFile; fileRef = C6EA538F27E6E3F60033DECA /* CategoryTableViewCell.swift */; };
		C6EA539327E6E9F90033DECA /* CellData.swift in Sources */ = {isa = PBXBuildFile; fileRef = C6EA539227E6E9F90033DECA /* CellData.swift */; };
		C6EA539527E70E060033DECA /* ProfileViewHeader.swift in Sources */ = {isa = PBXBuildFile; fileRef = C6EA539427E70E060033DECA /* ProfileViewHeader.swift */; };
		C6EA539727E718C30033DECA /* ProfileViewCell.swift in Sources */ = {isa = PBXBuildFile; fileRef = C6EA539627E718C30033DECA /* ProfileViewCell.swift */; };
		C6EA539927E71C540033DECA /* LoginViewController.swift in Sources */ = {isa = PBXBuildFile; fileRef = C6EA539827E71C540033DECA /* LoginViewController.swift */; };
		C6EA539B27E71DDD0033DECA /* BaseTextField.swift in Sources */ = {isa = PBXBuildFile; fileRef = C6EA539A27E71DDD0033DECA /* BaseTextField.swift */; };
		C6EA539D27E77BEF0033DECA /* JoinViewController.swift in Sources */ = {isa = PBXBuildFile; fileRef = C6EA539C27E77BEE0033DECA /* JoinViewController.swift */; };
		C6EA539F27E795690033DECA /* JoinViewCell.swift in Sources */ = {isa = PBXBuildFile; fileRef = C6EA539E27E795690033DECA /* JoinViewCell.swift */; };
		C6EA53A127E8B1C10033DECA /* JoinViewFooter.swift in Sources */ = {isa = PBXBuildFile; fileRef = C6EA53A027E8B1C10033DECA /* JoinViewFooter.swift */; };
		C6EA53A327E8D3BE0033DECA /* DoNotServiceViewController.swift in Sources */ = {isa = PBXBuildFile; fileRef = C6EA53A227E8D3BE0033DECA /* DoNotServiceViewController.swift */; };
		C6EA53A527E8EB2F0033DECA /* ItemDetailViewController.swift in Sources */ = {isa = PBXBuildFile; fileRef = C6EA53A427E8EB2F0033DECA /* ItemDetailViewController.swift */; };
		C6EA53A827E8EBE60033DECA /* ItemFirstSubController.swift in Sources */ = {isa = PBXBuildFile; fileRef = C6EA53A727E8EBE60033DECA /* ItemFirstSubController.swift */; };
		C6EA53AA27E8EBEF0033DECA /* ItemSecondSubController.swift in Sources */ = {isa = PBXBuildFile; fileRef = C6EA53A927E8EBEF0033DECA /* ItemSecondSubController.swift */; };
		C6EA53AC27E8EBF80033DECA /* ItemThirdSubController.swift in Sources */ = {isa = PBXBuildFile; fileRef = C6EA53AB27E8EBF80033DECA /* ItemThirdSubController.swift */; };
		C6EA53AE27E8EC000033DECA /* ItemFourthSubController.swift in Sources */ = {isa = PBXBuildFile; fileRef = C6EA53AD27E8EC000033DECA /* ItemFourthSubController.swift */; };
		C6FD25CA27F04D330053D9FC /* CartViewController.swift in Sources */ = {isa = PBXBuildFile; fileRef = C6FD25C927F04D330053D9FC /* CartViewController.swift */; };
		C6FD25CC27F06BD70053D9FC /* CartListResponse.swift in Sources */ = {isa = PBXBuildFile; fileRef = C6FD25CB27F06BD70053D9FC /* CartListResponse.swift */; };
		C6FD25CE27F095210053D9FC /* BuyViewController.swift in Sources */ = {isa = PBXBuildFile; fileRef = C6FD25CD27F095210053D9FC /* BuyViewController.swift */; };
		C6FD25D027F09D8C0053D9FC /* BuyTableViewCell.swift in Sources */ = {isa = PBXBuildFile; fileRef = C6FD25CF27F09D8C0053D9FC /* BuyTableViewCell.swift */; };
/* End PBXBuildFile section */

/* Begin PBXFileReference section */
		C633E5A427E5B79C00B2FFD8 /* MarketCurly_RisingTest.app */ = {isa = PBXFileReference; explicitFileType = wrapper.application; includeInIndex = 0; path = MarketCurly_RisingTest.app; sourceTree = BUILT_PRODUCTS_DIR; };
		C633E5A727E5B79C00B2FFD8 /* AppDelegate.swift */ = {isa = PBXFileReference; lastKnownFileType = sourcecode.swift; path = AppDelegate.swift; sourceTree = "<group>"; };
		C633E5A927E5B79C00B2FFD8 /* SceneDelegate.swift */ = {isa = PBXFileReference; lastKnownFileType = sourcecode.swift; path = SceneDelegate.swift; sourceTree = "<group>"; };
		C633E5AB27E5B79C00B2FFD8 /* ViewController.swift */ = {isa = PBXFileReference; lastKnownFileType = sourcecode.swift; path = ViewController.swift; sourceTree = "<group>"; };
		C633E5AE27E5B79C00B2FFD8 /* Base */ = {isa = PBXFileReference; lastKnownFileType = file.storyboard; name = Base; path = Base.lproj/Main.storyboard; sourceTree = "<group>"; };
		C633E5B027E5B79E00B2FFD8 /* Assets.xcassets */ = {isa = PBXFileReference; lastKnownFileType = folder.assetcatalog; path = Assets.xcassets; sourceTree = "<group>"; };
		C633E5B327E5B79E00B2FFD8 /* Base */ = {isa = PBXFileReference; lastKnownFileType = file.storyboard; name = Base; path = Base.lproj/LaunchScreen.storyboard; sourceTree = "<group>"; };
		C633E5B527E5B79E00B2FFD8 /* Info.plist */ = {isa = PBXFileReference; lastKnownFileType = text.plist.xml; path = Info.plist; sourceTree = "<group>"; };
		C633E5C127E5B90600B2FFD8 /* Constant.swift */ = {isa = PBXFileReference; lastKnownFileType = sourcecode.swift; path = Constant.swift; sourceTree = "<group>"; };
		C633E5C327E5B90F00B2FFD8 /* Key.swift */ = {isa = PBXFileReference; lastKnownFileType = sourcecode.swift; path = Key.swift; sourceTree = "<group>"; };
		C633E5C527E5B91B00B2FFD8 /* BaseViewController.swift */ = {isa = PBXFileReference; lastKnownFileType = sourcecode.swift; path = BaseViewController.swift; sourceTree = "<group>"; };
		C633E5C727E5B96400B2FFD8 /* IndicatorView.swift */ = {isa = PBXFileReference; lastKnownFileType = sourcecode.swift; path = IndicatorView.swift; sourceTree = "<group>"; };
		C633E5C927E5B96900B2FFD8 /* Device.swift */ = {isa = PBXFileReference; lastKnownFileType = sourcecode.swift; path = Device.swift; sourceTree = "<group>"; };
		C633E5CC27E5B98B00B2FFD8 /* Date.swift */ = {isa = PBXFileReference; lastKnownFileType = sourcecode.swift; path = Date.swift; sourceTree = "<group>"; };
		C633E5CE27E5B99000B2FFD8 /* String.swift */ = {isa = PBXFileReference; lastKnownFileType = sourcecode.swift; path = String.swift; sourceTree = "<group>"; };
		C633E5D027E5B99400B2FFD8 /* UIColor.swift */ = {isa = PBXFileReference; lastKnownFileType = sourcecode.swift; path = UIColor.swift; sourceTree = "<group>"; };
		C633E5D227E5B99800B2FFD8 /* UIFont.swift */ = {isa = PBXFileReference; lastKnownFileType = sourcecode.swift; path = UIFont.swift; sourceTree = "<group>"; };
		C633E5D427E5B99C00B2FFD8 /* UIButton.swift */ = {isa = PBXFileReference; lastKnownFileType = sourcecode.swift; path = UIButton.swift; sourceTree = "<group>"; };
		C633E5D627E5B9A200B2FFD8 /* UIViewController.swift */ = {isa = PBXFileReference; lastKnownFileType = sourcecode.swift; path = UIViewController.swift; sourceTree = "<group>"; };
		C633E5D827E5B9A700B2FFD8 /* UINavigationBar.swift */ = {isa = PBXFileReference; lastKnownFileType = sourcecode.swift; path = UINavigationBar.swift; sourceTree = "<group>"; };
		C633E5DA27E5B9AE00B2FFD8 /* UIView.swift */ = {isa = PBXFileReference; lastKnownFileType = sourcecode.swift; path = UIView.swift; sourceTree = "<group>"; };
		C633E5E527E5BC4C00B2FFD8 /* MainTabController.swift */ = {isa = PBXFileReference; lastKnownFileType = sourcecode.swift; path = MainTabController.swift; sourceTree = "<group>"; };
		C633E5E727E5BC5100B2FFD8 /* HomeViewController.swift */ = {isa = PBXFileReference; lastKnownFileType = sourcecode.swift; path = HomeViewController.swift; sourceTree = "<group>"; };
		C633E5E927E5BC5700B2FFD8 /* CategoryViewController.swift */ = {isa = PBXFileReference; lastKnownFileType = sourcecode.swift; path = CategoryViewController.swift; sourceTree = "<group>"; };
		C633E5EB27E5BC5E00B2FFD8 /* SearchViewController.swift */ = {isa = PBXFileReference; lastKnownFileType = sourcecode.swift; path = SearchViewController.swift; sourceTree = "<group>"; };
		C633E5ED27E5BC6500B2FFD8 /* ProfileViewController.swift */ = {isa = PBXFileReference; lastKnownFileType = sourcecode.swift; path = ProfileViewController.swift; sourceTree = "<group>"; };
		C633E5F127E5C83500B2FFD8 /* HomeFirstSubController.swift */ = {isa = PBXFileReference; lastKnownFileType = sourcecode.swift; path = HomeFirstSubController.swift; sourceTree = "<group>"; };
		C633E5F427E5C8B500B2FFD8 /* HomeSecondSubController.swift */ = {isa = PBXFileReference; lastKnownFileType = sourcecode.swift; path = HomeSecondSubController.swift; sourceTree = "<group>"; };
		C633E5F627E5C8D200B2FFD8 /* HomeThirdSubController.swift */ = {isa = PBXFileReference; lastKnownFileType = sourcecode.swift; path = HomeThirdSubController.swift; sourceTree = "<group>"; };
		C633E5F827E5C8E800B2FFD8 /* HomeFourthSubController.swift */ = {isa = PBXFileReference; lastKnownFileType = sourcecode.swift; path = HomeFourthSubController.swift; sourceTree = "<group>"; };
		C633E5FA27E5C8EF00B2FFD8 /* HomeFifthSubController.swift */ = {isa = PBXFileReference; lastKnownFileType = sourcecode.swift; path = HomeFifthSubController.swift; sourceTree = "<group>"; };
		C633E60027E5CCA700B2FFD8 /* HomeViewAdCell.swift */ = {isa = PBXFileReference; lastKnownFileType = sourcecode.swift; path = HomeViewAdCell.swift; sourceTree = "<group>"; };
		C633E60227E5DB0000B2FFD8 /* ItemInfoCell.swift */ = {isa = PBXFileReference; lastKnownFileType = sourcecode.swift; path = ItemInfoCell.swift; sourceTree = "<group>"; };
		C633E60427E5ECC300B2FFD8 /* RoundButton.swift */ = {isa = PBXFileReference; lastKnownFileType = sourcecode.swift; path = RoundButton.swift; sourceTree = "<group>"; };
		C633E60627E5F44800B2FFD8 /* ItemCountHeader.swift */ = {isa = PBXFileReference; lastKnownFileType = sourcecode.swift; path = ItemCountHeader.swift; sourceTree = "<group>"; };
		C633E60827E6083000B2FFD8 /* ItemListFooter.swift */ = {isa = PBXFileReference; lastKnownFileType = sourcecode.swift; path = ItemListFooter.swift; sourceTree = "<group>"; };
		C633E60A27E612AE00B2FFD8 /* ItemListHeader.swift */ = {isa = PBXFileReference; lastKnownFileType = sourcecode.swift; path = ItemListHeader.swift; sourceTree = "<group>"; };
		C633E61127E637FA00B2FFD8 /* clock_1s.json */ = {isa = PBXFileReference; fileEncoding = 4; lastKnownFileType = text.json; path = clock_1s.json; sourceTree = "<group>"; };
		C633E61527E6495F00B2FFD8 /* UICollectionView.swift */ = {isa = PBXFileReference; lastKnownFileType = sourcecode.swift; path = UICollectionView.swift; sourceTree = "<group>"; };
		C65E0C5727EA16D8003921B9 /* ItemDetailViewHeader.swift */ = {isa = PBXFileReference; lastKnownFileType = sourcecode.swift; path = ItemDetailViewHeader.swift; sourceTree = "<group>"; };
		C65E0C5927EA2D19003921B9 /* ItemDetailViewCell.swift */ = {isa = PBXFileReference; lastKnownFileType = sourcecode.swift; path = ItemDetailViewCell.swift; sourceTree = "<group>"; };
		C65E0C5B27EDD5F2003921B9 /* UserManagementManager.swift */ = {isa = PBXFileReference; lastKnownFileType = sourcecode.swift; path = UserManagementManager.swift; sourceTree = "<group>"; };
		C65E0C5F27EDD616003921B9 /* UserResponse.swift */ = {isa = PBXFileReference; lastKnownFileType = sourcecode.swift; path = UserResponse.swift; sourceTree = "<group>"; };
		C65E0C6127EDD637003921B9 /* JoinUserRequest.swift */ = {isa = PBXFileReference; lastKnownFileType = sourcecode.swift; path = JoinUserRequest.swift; sourceTree = "<group>"; };
		C65E0C6327EDD791003921B9 /* JoinUserResponse.swift */ = {isa = PBXFileReference; lastKnownFileType = sourcecode.swift; path = JoinUserResponse.swift; sourceTree = "<group>"; };
		C65E0C6527EE0A56003921B9 /* LoginUserRequest.swift */ = {isa = PBXFileReference; lastKnownFileType = sourcecode.swift; path = LoginUserRequest.swift; sourceTree = "<group>"; };
		C65E0C6727EE0A71003921B9 /* LoginUserResponse.swift */ = {isa = PBXFileReference; lastKnownFileType = sourcecode.swift; path = LoginUserResponse.swift; sourceTree = "<group>"; };
		C65E0C6A27EE1175003921B9 /* ItemManagementManager.swift */ = {isa = PBXFileReference; lastKnownFileType = sourcecode.swift; path = ItemManagementManager.swift; sourceTree = "<group>"; };
		C65E0C6D27EE133D003921B9 /* ItemInfoResponse.swift */ = {isa = PBXFileReference; lastKnownFileType = sourcecode.swift; path = ItemInfoResponse.swift; sourceTree = "<group>"; };
		C65E0C6F27EE15F5003921B9 /* ItemInfo.swift */ = {isa = PBXFileReference; lastKnownFileType = sourcecode.swift; path = ItemInfo.swift; sourceTree = "<group>"; };
		C65E0C7127EE47E5003921B9 /* UpdateUserRequest.swift */ = {isa = PBXFileReference; lastKnownFileType = sourcecode.swift; path = UpdateUserRequest.swift; sourceTree = "<group>"; };
		C65E0C7327EE49DE003921B9 /* UpdateUserResponse.swift */ = {isa = PBXFileReference; lastKnownFileType = sourcecode.swift; path = UpdateUserResponse.swift; sourceTree = "<group>"; };
		C65E0C7527EF53D7003921B9 /* UIImageView.swift */ = {isa = PBXFileReference; lastKnownFileType = sourcecode.swift; path = UIImageView.swift; sourceTree = "<group>"; };
		C6EA537827E6D2BD0033DECA /* HomeViewMDPickCell.swift */ = {isa = PBXFileReference; lastKnownFileType = sourcecode.swift; path = HomeViewMDPickCell.swift; sourceTree = "<group>"; };
		C6EA537A27E6D2E20033DECA /* HomeViewMDPickFooter.swift */ = {isa = PBXFileReference; lastKnownFileType = sourcecode.swift; path = HomeViewMDPickFooter.swift; sourceTree = "<group>"; };
		C6EA537F27E6D3FD0033DECA /* HomeViewMDPickHeader.swift */ = {isa = PBXFileReference; lastKnownFileType = sourcecode.swift; path = HomeViewMDPickHeader.swift; sourceTree = "<group>"; };
		C6EA538127E6D61B0033DECA /* VegetableViewController.swift */ = {isa = PBXFileReference; lastKnownFileType = sourcecode.swift; path = VegetableViewController.swift; sourceTree = "<group>"; };
		C6EA538527E6D69C0033DECA /* FruitViewController.swift */ = {isa = PBXFileReference; lastKnownFileType = sourcecode.swift; path = FruitViewController.swift; sourceTree = "<group>"; };
		C6EA538727E6D6AC0033DECA /* SeaFoodViewController.swift */ = {isa = PBXFileReference; lastKnownFileType = sourcecode.swift; path = SeaFoodViewController.swift; sourceTree = "<group>"; };
		C6EA538927E6D6BD0033DECA /* MeatViewController.swift */ = {isa = PBXFileReference; lastKnownFileType = sourcecode.swift; path = MeatViewController.swift; sourceTree = "<group>"; };
		C6EA538B27E6D6CA0033DECA /* SoupViewController.swift */ = {isa = PBXFileReference; lastKnownFileType = sourcecode.swift; path = SoupViewController.swift; sourceTree = "<group>"; };
		C6EA538D27E6DBE00033DECA /* HomeMDPickViewController.swift */ = {isa = PBXFileReference; lastKnownFileType = sourcecode.swift; path = HomeMDPickViewController.swift; sourceTree = "<group>"; };
		C6EA538F27E6E3F60033DECA /* CategoryTableViewCell.swift */ = {isa = PBXFileReference; lastKnownFileType = sourcecode.swift; path = CategoryTableViewCell.swift; sourceTree = "<group>"; };
		C6EA539227E6E9F90033DECA /* CellData.swift */ = {isa = PBXFileReference; lastKnownFileType = sourcecode.swift; path = CellData.swift; sourceTree = "<group>"; };
		C6EA539427E70E060033DECA /* ProfileViewHeader.swift */ = {isa = PBXFileReference; lastKnownFileType = sourcecode.swift; path = ProfileViewHeader.swift; sourceTree = "<group>"; };
		C6EA539627E718C30033DECA /* ProfileViewCell.swift */ = {isa = PBXFileReference; lastKnownFileType = sourcecode.swift; path = ProfileViewCell.swift; sourceTree = "<group>"; };
		C6EA539827E71C540033DECA /* LoginViewController.swift */ = {isa = PBXFileReference; lastKnownFileType = sourcecode.swift; path = LoginViewController.swift; sourceTree = "<group>"; };
		C6EA539A27E71DDD0033DECA /* BaseTextField.swift */ = {isa = PBXFileReference; lastKnownFileType = sourcecode.swift; path = BaseTextField.swift; sourceTree = "<group>"; };
		C6EA539C27E77BEE0033DECA /* JoinViewController.swift */ = {isa = PBXFileReference; lastKnownFileType = sourcecode.swift; path = JoinViewController.swift; sourceTree = "<group>"; };
		C6EA539E27E795690033DECA /* JoinViewCell.swift */ = {isa = PBXFileReference; lastKnownFileType = sourcecode.swift; path = JoinViewCell.swift; sourceTree = "<group>"; };
		C6EA53A027E8B1C10033DECA /* JoinViewFooter.swift */ = {isa = PBXFileReference; lastKnownFileType = sourcecode.swift; path = JoinViewFooter.swift; sourceTree = "<group>"; };
		C6EA53A227E8D3BE0033DECA /* DoNotServiceViewController.swift */ = {isa = PBXFileReference; lastKnownFileType = sourcecode.swift; path = DoNotServiceViewController.swift; sourceTree = "<group>"; };
		C6EA53A427E8EB2F0033DECA /* ItemDetailViewController.swift */ = {isa = PBXFileReference; lastKnownFileType = sourcecode.swift; path = ItemDetailViewController.swift; sourceTree = "<group>"; };
		C6EA53A727E8EBE60033DECA /* ItemFirstSubController.swift */ = {isa = PBXFileReference; lastKnownFileType = sourcecode.swift; path = ItemFirstSubController.swift; sourceTree = "<group>"; };
		C6EA53A927E8EBEF0033DECA /* ItemSecondSubController.swift */ = {isa = PBXFileReference; lastKnownFileType = sourcecode.swift; path = ItemSecondSubController.swift; sourceTree = "<group>"; };
		C6EA53AB27E8EBF80033DECA /* ItemThirdSubController.swift */ = {isa = PBXFileReference; lastKnownFileType = sourcecode.swift; path = ItemThirdSubController.swift; sourceTree = "<group>"; };
		C6EA53AD27E8EC000033DECA /* ItemFourthSubController.swift */ = {isa = PBXFileReference; lastKnownFileType = sourcecode.swift; path = ItemFourthSubController.swift; sourceTree = "<group>"; };
		C6FD25C927F04D330053D9FC /* CartViewController.swift */ = {isa = PBXFileReference; lastKnownFileType = sourcecode.swift; path = CartViewController.swift; sourceTree = "<group>"; };
		C6FD25CB27F06BD70053D9FC /* CartListResponse.swift */ = {isa = PBXFileReference; lastKnownFileType = sourcecode.swift; path = CartListResponse.swift; sourceTree = "<group>"; };
		C6FD25CD27F095210053D9FC /* BuyViewController.swift */ = {isa = PBXFileReference; lastKnownFileType = sourcecode.swift; path = BuyViewController.swift; sourceTree = "<group>"; };
		C6FD25CF27F09D8C0053D9FC /* BuyTableViewCell.swift */ = {isa = PBXFileReference; lastKnownFileType = sourcecode.swift; path = BuyTableViewCell.swift; sourceTree = "<group>"; };
/* End PBXFileReference section */

/* Begin PBXFrameworksBuildPhase section */
		C633E5A127E5B79C00B2FFD8 /* Frameworks */ = {
			isa = PBXFrameworksBuildPhase;
			buildActionMask = 2147483647;
			files = (
				C6EA537127E6D13D0033DECA /* Lottie in Frameworks */,
				C6EA537427E6D1450033DECA /* Alamofire in Frameworks */,
				C6EA537727E6D14F0033DECA /* Tabman in Frameworks */,
			);
			runOnlyForDeploymentPostprocessing = 0;
		};
/* End PBXFrameworksBuildPhase section */

/* Begin PBXGroup section */
		C633E59B27E5B79C00B2FFD8 = {
			isa = PBXGroup;
			children = (
				C633E5A627E5B79C00B2FFD8 /* MarketCurly_RisingTest */,
				C633E5A527E5B79C00B2FFD8 /* Products */,
			);
			sourceTree = "<group>";
		};
		C633E5A527E5B79C00B2FFD8 /* Products */ = {
			isa = PBXGroup;
			children = (
				C633E5A427E5B79C00B2FFD8 /* MarketCurly_RisingTest.app */,
			);
			name = Products;
			sourceTree = "<group>";
		};
		C633E5A627E5B79C00B2FFD8 /* MarketCurly_RisingTest */ = {
			isa = PBXGroup;
			children = (
				C633E5BB27E5B8DA00B2FFD8 /* Configuration */,
				C633E5BD27E5B8E300B2FFD8 /* Util */,
				C633E5BE27E5B8EA00B2FFD8 /* Source */,
				C633E5A727E5B79C00B2FFD8 /* AppDelegate.swift */,
				C633E5A927E5B79C00B2FFD8 /* SceneDelegate.swift */,
				C633E5AB27E5B79C00B2FFD8 /* ViewController.swift */,
				C633E5AD27E5B79C00B2FFD8 /* Main.storyboard */,
				C633E5B027E5B79E00B2FFD8 /* Assets.xcassets */,
				C633E5B227E5B79E00B2FFD8 /* LaunchScreen.storyboard */,
				C633E5B527E5B79E00B2FFD8 /* Info.plist */,
			);
			path = MarketCurly_RisingTest;
			sourceTree = "<group>";
		};
		C633E5BB27E5B8DA00B2FFD8 /* Configuration */ = {
			isa = PBXGroup;
			children = (
				C6EA539127E6E9EE0033DECA /* Type */,
				C633E5C127E5B90600B2FFD8 /* Constant.swift */,
				C633E61127E637FA00B2FFD8 /* clock_1s.json */,
				C633E5C027E5B8FC00B2FFD8 /* Secret */,
				C633E5BF27E5B8F700B2FFD8 /* Base */,
			);
			path = Configuration;
			sourceTree = "<group>";
		};
		C633E5BD27E5B8E300B2FFD8 /* Util */ = {
			isa = PBXGroup;
			children = (
				C633E5C727E5B96400B2FFD8 /* IndicatorView.swift */,
				C633E5C927E5B96900B2FFD8 /* Device.swift */,
				C633E5CB27E5B98000B2FFD8 /* Extension */,
			);
			path = Util;
			sourceTree = "<group>";
		};
		C633E5BE27E5B8EA00B2FFD8 /* Source */ = {
			isa = PBXGroup;
			children = (
				C633E5DC27E5B9F900B2FFD8 /* Controller */,
				C633E5DD27E5B9FC00B2FFD8 /* View */,
				C633E5DE27E5B9FF00B2FFD8 /* Network */,
			);
			path = Source;
			sourceTree = "<group>";
		};
		C633E5BF27E5B8F700B2FFD8 /* Base */ = {
			isa = PBXGroup;
			children = (
				C633E5C527E5B91B00B2FFD8 /* BaseViewController.swift */,
				C633E60427E5ECC300B2FFD8 /* RoundButton.swift */,
				C6EA539A27E71DDD0033DECA /* BaseTextField.swift */,
			);
			path = Base;
			sourceTree = "<group>";
		};
		C633E5C027E5B8FC00B2FFD8 /* Secret */ = {
			isa = PBXGroup;
			children = (
				C633E5C327E5B90F00B2FFD8 /* Key.swift */,
			);
			path = Secret;
			sourceTree = "<group>";
		};
		C633E5CB27E5B98000B2FFD8 /* Extension */ = {
			isa = PBXGroup;
			children = (
				C633E5CC27E5B98B00B2FFD8 /* Date.swift */,
				C633E5CE27E5B99000B2FFD8 /* String.swift */,
				C633E5D027E5B99400B2FFD8 /* UIColor.swift */,
				C633E5D227E5B99800B2FFD8 /* UIFont.swift */,
				C633E5D427E5B99C00B2FFD8 /* UIButton.swift */,
				C633E5D627E5B9A200B2FFD8 /* UIViewController.swift */,
				C633E5D827E5B9A700B2FFD8 /* UINavigationBar.swift */,
				C633E5DA27E5B9AE00B2FFD8 /* UIView.swift */,
				C633E61527E6495F00B2FFD8 /* UICollectionView.swift */,
				C65E0C7527EF53D7003921B9 /* UIImageView.swift */,
			);
			path = Extension;
			sourceTree = "<group>";
		};
		C633E5DC27E5B9F900B2FFD8 /* Controller */ = {
			isa = PBXGroup;
			children = (
				C6FD25C927F04D330053D9FC /* CartViewController.swift */,
				C6FD25CD27F095210053D9FC /* BuyViewController.swift */,
				C6EA539827E71C540033DECA /* LoginViewController.swift */,
				C6EA539C27E77BEE0033DECA /* JoinViewController.swift */,
				C6EA53A427E8EB2F0033DECA /* ItemDetailViewController.swift */,
				C6EA53A227E8D3BE0033DECA /* DoNotServiceViewController.swift */,
				C633E5E527E5BC4C00B2FFD8 /* MainTabController.swift */,
				C633E5E727E5BC5100B2FFD8 /* HomeViewController.swift */,
				C633E5EF27E5C7E600B2FFD8 /* HomeSubController */,
				C633E5E927E5BC5700B2FFD8 /* CategoryViewController.swift */,
				C6EA538427E6D66F0033DECA /* CategorySubController */,
				C633E5EB27E5BC5E00B2FFD8 /* SearchViewController.swift */,
				C633E5ED27E5BC6500B2FFD8 /* ProfileViewController.swift */,
				C6EA53A627E8EBCA0033DECA /* ItemDetailSubController */,
			);
			path = Controller;
			sourceTree = "<group>";
		};
		C633E5DD27E5B9FC00B2FFD8 /* View */ = {
			isa = PBXGroup;
			children = (
				C6EA537C27E6D2EB0033DECA /* Cell */,
				C6EA537D27E6D2ED0033DECA /* Header */,
				C6EA537E27E6D2F00033DECA /* Footer */,
				C633E5FC27E5CC8100B2FFD8 /* Home */,
				C633E5FD27E5CC8400B2FFD8 /* Category */,
				C633E5FE27E5CC8800B2FFD8 /* Search */,
				C633E5FF27E5CC8B00B2FFD8 /* Profile */,
			);
			path = View;
			sourceTree = "<group>";
		};
		C633E5DE27E5B9FF00B2FFD8 /* Network */ = {
			isa = PBXGroup;
			children = (
				C65E0C6927EE115D003921B9 /* ItemManagement */,
				C65E0C5E27EDD5F9003921B9 /* UserManagement */,
			);
			path = Network;
			sourceTree = "<group>";
		};
		C633E5EF27E5C7E600B2FFD8 /* HomeSubController */ = {
			isa = PBXGroup;
			children = (
				C633E5F127E5C83500B2FFD8 /* HomeFirstSubController.swift */,
				C633E5F427E5C8B500B2FFD8 /* HomeSecondSubController.swift */,
				C633E5F627E5C8D200B2FFD8 /* HomeThirdSubController.swift */,
				C633E5F827E5C8E800B2FFD8 /* HomeFourthSubController.swift */,
				C633E5FA27E5C8EF00B2FFD8 /* HomeFifthSubController.swift */,
				C6EA538D27E6DBE00033DECA /* HomeMDPickViewController.swift */,
			);
			path = HomeSubController;
			sourceTree = "<group>";
		};
		C633E5FC27E5CC8100B2FFD8 /* Home */ = {
			isa = PBXGroup;
			children = (
			);
			path = Home;
			sourceTree = "<group>";
		};
		C633E5FD27E5CC8400B2FFD8 /* Category */ = {
			isa = PBXGroup;
			children = (
				C6EA538327E6D64A0033DECA /* CategorySubController */,
			);
			path = Category;
			sourceTree = "<group>";
		};
		C633E5FE27E5CC8800B2FFD8 /* Search */ = {
			isa = PBXGroup;
			children = (
			);
			path = Search;
			sourceTree = "<group>";
		};
		C633E5FF27E5CC8B00B2FFD8 /* Profile */ = {
			isa = PBXGroup;
			children = (
			);
			path = Profile;
			sourceTree = "<group>";
		};
		C65E0C5D27EDD5F5003921B9 /* Entity */ = {
			isa = PBXGroup;
			children = (
				C65E0C5F27EDD616003921B9 /* UserResponse.swift */,
				C65E0C6127EDD637003921B9 /* JoinUserRequest.swift */,
				C65E0C6327EDD791003921B9 /* JoinUserResponse.swift */,
				C65E0C6527EE0A56003921B9 /* LoginUserRequest.swift */,
				C65E0C6727EE0A71003921B9 /* LoginUserResponse.swift */,
				C65E0C7127EE47E5003921B9 /* UpdateUserRequest.swift */,
				C65E0C7327EE49DE003921B9 /* UpdateUserResponse.swift */,
			);
			path = Entity;
			sourceTree = "<group>";
		};
		C65E0C5E27EDD5F9003921B9 /* UserManagement */ = {
			isa = PBXGroup;
			children = (
				C65E0C5B27EDD5F2003921B9 /* UserManagementManager.swift */,
				C65E0C5D27EDD5F5003921B9 /* Entity */,
			);
			path = UserManagement;
			sourceTree = "<group>";
		};
		C65E0C6927EE115D003921B9 /* ItemManagement */ = {
			isa = PBXGroup;
			children = (
				C65E0C6A27EE1175003921B9 /* ItemManagementManager.swift */,
				C65E0C6C27EE132A003921B9 /* Entity */,
			);
			path = ItemManagement;
			sourceTree = "<group>";
		};
		C65E0C6C27EE132A003921B9 /* Entity */ = {
			isa = PBXGroup;
			children = (
				C65E0C6D27EE133D003921B9 /* ItemInfoResponse.swift */,
				C65E0C6F27EE15F5003921B9 /* ItemInfo.swift */,
				C6FD25CB27F06BD70053D9FC /* CartListResponse.swift */,
			);
			path = Entity;
			sourceTree = "<group>";
		};
		C6EA537C27E6D2EB0033DECA /* Cell */ = {
			isa = PBXGroup;
			children = (
				C633E60027E5CCA700B2FFD8 /* HomeViewAdCell.swift */,
				C633E60227E5DB0000B2FFD8 /* ItemInfoCell.swift */,
				C6EA537827E6D2BD0033DECA /* HomeViewMDPickCell.swift */,
				C6EA538F27E6E3F60033DECA /* CategoryTableViewCell.swift */,
				C6EA539627E718C30033DECA /* ProfileViewCell.swift */,
				C6EA539E27E795690033DECA /* JoinViewCell.swift */,
				C65E0C5927EA2D19003921B9 /* ItemDetailViewCell.swift */,
				C6FD25CF27F09D8C0053D9FC /* BuyTableViewCell.swift */,
			);
			path = Cell;
			sourceTree = "<group>";
		};
		C6EA537D27E6D2ED0033DECA /* Header */ = {
			isa = PBXGroup;
			children = (
				C6EA537F27E6D3FD0033DECA /* HomeViewMDPickHeader.swift */,
				C633E60627E5F44800B2FFD8 /* ItemCountHeader.swift */,
				C633E60A27E612AE00B2FFD8 /* ItemListHeader.swift */,
				C6EA539427E70E060033DECA /* ProfileViewHeader.swift */,
				C65E0C5727EA16D8003921B9 /* ItemDetailViewHeader.swift */,
			);
			path = Header;
			sourceTree = "<group>";
		};
		C6EA537E27E6D2F00033DECA /* Footer */ = {
			isa = PBXGroup;
			children = (
				C6EA537A27E6D2E20033DECA /* HomeViewMDPickFooter.swift */,
				C633E60827E6083000B2FFD8 /* ItemListFooter.swift */,
				C6EA53A027E8B1C10033DECA /* JoinViewFooter.swift */,
			);
			path = Footer;
			sourceTree = "<group>";
		};
		C6EA538327E6D64A0033DECA /* CategorySubController */ = {
			isa = PBXGroup;
			children = (
			);
			path = CategorySubController;
			sourceTree = "<group>";
		};
		C6EA538427E6D66F0033DECA /* CategorySubController */ = {
			isa = PBXGroup;
			children = (
				C6EA538127E6D61B0033DECA /* VegetableViewController.swift */,
				C6EA538527E6D69C0033DECA /* FruitViewController.swift */,
				C6EA538727E6D6AC0033DECA /* SeaFoodViewController.swift */,
				C6EA538927E6D6BD0033DECA /* MeatViewController.swift */,
				C6EA538B27E6D6CA0033DECA /* SoupViewController.swift */,
			);
			path = CategorySubController;
			sourceTree = "<group>";
		};
		C6EA539127E6E9EE0033DECA /* Type */ = {
			isa = PBXGroup;
			children = (
				C6EA539227E6E9F90033DECA /* CellData.swift */,
			);
			path = Type;
			sourceTree = "<group>";
		};
		C6EA53A627E8EBCA0033DECA /* ItemDetailSubController */ = {
			isa = PBXGroup;
			children = (
				C6EA53A727E8EBE60033DECA /* ItemFirstSubController.swift */,
				C6EA53A927E8EBEF0033DECA /* ItemSecondSubController.swift */,
				C6EA53AB27E8EBF80033DECA /* ItemThirdSubController.swift */,
				C6EA53AD27E8EC000033DECA /* ItemFourthSubController.swift */,
			);
			path = ItemDetailSubController;
			sourceTree = "<group>";
		};
/* End PBXGroup section */

/* Begin PBXNativeTarget section */
		C633E5A327E5B79C00B2FFD8 /* MarketCurly_RisingTest */ = {
			isa = PBXNativeTarget;
			buildConfigurationList = C633E5B827E5B79E00B2FFD8 /* Build configuration list for PBXNativeTarget "MarketCurly_RisingTest" */;
			buildPhases = (
				C633E5A027E5B79C00B2FFD8 /* Sources */,
				C633E5A127E5B79C00B2FFD8 /* Frameworks */,
				C633E5A227E5B79C00B2FFD8 /* Resources */,
			);
			buildRules = (
			);
			dependencies = (
			);
			name = MarketCurly_RisingTest;
			packageProductDependencies = (
				C6EA537027E6D13D0033DECA /* Lottie */,
				C6EA537327E6D1450033DECA /* Alamofire */,
				C6EA537627E6D14F0033DECA /* Tabman */,
			);
			productName = MarketCurly_RisingTest;
			productReference = C633E5A427E5B79C00B2FFD8 /* MarketCurly_RisingTest.app */;
			productType = "com.apple.product-type.application";
		};
/* End PBXNativeTarget section */

/* Begin PBXProject section */
		C633E59C27E5B79C00B2FFD8 /* Project object */ = {
			isa = PBXProject;
			attributes = {
				BuildIndependentTargetsInParallel = 1;
				LastSwiftUpdateCheck = 1320;
				LastUpgradeCheck = 1320;
				TargetAttributes = {
					C633E5A327E5B79C00B2FFD8 = {
						CreatedOnToolsVersion = 13.2.1;
					};
				};
			};
			buildConfigurationList = C633E59F27E5B79C00B2FFD8 /* Build configuration list for PBXProject "MarketCurly_RisingTest" */;
			compatibilityVersion = "Xcode 13.0";
			developmentRegion = en;
			hasScannedForEncodings = 0;
			knownRegions = (
				en,
				Base,
			);
			mainGroup = C633E59B27E5B79C00B2FFD8;
			packageReferences = (
				C6EA536F27E6D13D0033DECA /* XCRemoteSwiftPackageReference "lottie-ios" */,
				C6EA537227E6D1450033DECA /* XCRemoteSwiftPackageReference "Alamofire" */,
				C6EA537527E6D14F0033DECA /* XCRemoteSwiftPackageReference "Tabman" */,
			);
			productRefGroup = C633E5A527E5B79C00B2FFD8 /* Products */;
			projectDirPath = "";
			projectRoot = "";
			targets = (
				C633E5A327E5B79C00B2FFD8 /* MarketCurly_RisingTest */,
			);
		};
/* End PBXProject section */

/* Begin PBXResourcesBuildPhase section */
		C633E5A227E5B79C00B2FFD8 /* Resources */ = {
			isa = PBXResourcesBuildPhase;
			buildActionMask = 2147483647;
			files = (
				C633E61227E637FA00B2FFD8 /* clock_1s.json in Resources */,
				C633E5B427E5B79E00B2FFD8 /* LaunchScreen.storyboard in Resources */,
				C633E5B127E5B79E00B2FFD8 /* Assets.xcassets in Resources */,
				C633E5AF27E5B79C00B2FFD8 /* Main.storyboard in Resources */,
			);
			runOnlyForDeploymentPostprocessing = 0;
		};
/* End PBXResourcesBuildPhase section */

/* Begin PBXSourcesBuildPhase section */
		C633E5A027E5B79C00B2FFD8 /* Sources */ = {
			isa = PBXSourcesBuildPhase;
			buildActionMask = 2147483647;
			files = (
				C633E5DB27E5B9AE00B2FFD8 /* UIView.swift in Sources */,
				C6FD25D027F09D8C0053D9FC /* BuyTableViewCell.swift in Sources */,
				C633E5D727E5B9A200B2FFD8 /* UIViewController.swift in Sources */,
				C6EA53AA27E8EBEF0033DECA /* ItemSecondSubController.swift in Sources */,
				C6EA53A327E8D3BE0033DECA /* DoNotServiceViewController.swift in Sources */,
				C633E5F527E5C8B500B2FFD8 /* HomeSecondSubController.swift in Sources */,
				C6EA538E27E6DBE00033DECA /* HomeMDPickViewController.swift in Sources */,
				C65E0C6827EE0A71003921B9 /* LoginUserResponse.swift in Sources */,
				C633E5AC27E5B79C00B2FFD8 /* ViewController.swift in Sources */,
				C65E0C5C27EDD5F2003921B9 /* UserManagementManager.swift in Sources */,
				C633E5EA27E5BC5700B2FFD8 /* CategoryViewController.swift in Sources */,
				C633E5D527E5B99C00B2FFD8 /* UIButton.swift in Sources */,
				C65E0C6B27EE1175003921B9 /* ItemManagementManager.swift in Sources */,
				C6EA53A127E8B1C10033DECA /* JoinViewFooter.swift in Sources */,
				C6EA538027E6D3FD0033DECA /* HomeViewMDPickHeader.swift in Sources */,
				C6EA538827E6D6AC0033DECA /* SeaFoodViewController.swift in Sources */,
				C633E61627E6495F00B2FFD8 /* UICollectionView.swift in Sources */,
				C633E5E627E5BC4C00B2FFD8 /* MainTabController.swift in Sources */,
				C6EA537B27E6D2E20033DECA /* HomeViewMDPickFooter.swift in Sources */,
				C633E5E827E5BC5100B2FFD8 /* HomeViewController.swift in Sources */,
				C6FD25CE27F095210053D9FC /* BuyViewController.swift in Sources */,
				C65E0C7227EE47E5003921B9 /* UpdateUserRequest.swift in Sources */,
				C65E0C7427EE49DE003921B9 /* UpdateUserResponse.swift in Sources */,
				C633E5C427E5B90F00B2FFD8 /* Key.swift in Sources */,
				C633E60127E5CCA700B2FFD8 /* HomeViewAdCell.swift in Sources */,
				C6FD25CC27F06BD70053D9FC /* CartListResponse.swift in Sources */,
				C633E5F227E5C83500B2FFD8 /* HomeFirstSubController.swift in Sources */,
				C633E5CF27E5B99000B2FFD8 /* String.swift in Sources */,
				C633E60327E5DB0000B2FFD8 /* ItemInfoCell.swift in Sources */,
				C6EA539B27E71DDD0033DECA /* BaseTextField.swift in Sources */,
				C633E5A827E5B79C00B2FFD8 /* AppDelegate.swift in Sources */,
				C6EA53AC27E8EBF80033DECA /* ItemThirdSubController.swift in Sources */,
				C6EA53A827E8EBE60033DECA /* ItemFirstSubController.swift in Sources */,
				C633E5EC27E5BC5F00B2FFD8 /* SearchViewController.swift in Sources */,
				C6EA538227E6D61B0033DECA /* VegetableViewController.swift in Sources */,
				C6EA53A527E8EB2F0033DECA /* ItemDetailViewController.swift in Sources */,
				C633E5C827E5B96400B2FFD8 /* IndicatorView.swift in Sources */,
				C633E5AA27E5B79C00B2FFD8 /* SceneDelegate.swift in Sources */,
				C633E5FB27E5C8EF00B2FFD8 /* HomeFifthSubController.swift in Sources */,
				C633E5C227E5B90600B2FFD8 /* Constant.swift in Sources */,
				C633E60927E6083000B2FFD8 /* ItemListFooter.swift in Sources */,
				C633E5D927E5B9A700B2FFD8 /* UINavigationBar.swift in Sources */,
				C65E0C5A27EA2D19003921B9 /* ItemDetailViewCell.swift in Sources */,
				C65E0C7627EF53D7003921B9 /* UIImageView.swift in Sources */,
				C6EA538627E6D69C0033DECA /* FruitViewController.swift in Sources */,
				C633E60B27E612AE00B2FFD8 /* ItemListHeader.swift in Sources */,
				C65E0C7027EE15F5003921B9 /* ItemInfo.swift in Sources */,
				C6EA538C27E6D6CA0033DECA /* SoupViewController.swift in Sources */,
				C6EA539727E718C30033DECA /* ProfileViewCell.swift in Sources */,
				C633E5F927E5C8E800B2FFD8 /* HomeFourthSubController.swift in Sources */,
				C6EA539027E6E3F60033DECA /* CategoryTableViewCell.swift in Sources */,
				C633E60727E5F44800B2FFD8 /* ItemCountHeader.swift in Sources */,
				C633E60527E5ECC300B2FFD8 /* RoundButton.swift in Sources */,
				C6EA539527E70E060033DECA /* ProfileViewHeader.swift in Sources */,
				C633E5D127E5B99400B2FFD8 /* UIColor.swift in Sources */,
				C6FD25CA27F04D330053D9FC /* CartViewController.swift in Sources */,
				C633E5D327E5B99800B2FFD8 /* UIFont.swift in Sources */,
				C65E0C6027EDD616003921B9 /* UserResponse.swift in Sources */,
				C6EA538A27E6D6BD0033DECA /* MeatViewController.swift in Sources */,
				C633E5C627E5B91B00B2FFD8 /* BaseViewController.swift in Sources */,
				C65E0C6627EE0A56003921B9 /* LoginUserRequest.swift in Sources */,
				C65E0C6227EDD637003921B9 /* JoinUserRequest.swift in Sources */,
				C6EA539D27E77BEF0033DECA /* JoinViewController.swift in Sources */,
				C65E0C6427EDD791003921B9 /* JoinUserResponse.swift in Sources */,
				C6EA539927E71C540033DECA /* LoginViewController.swift in Sources */,
				C633E5F727E5C8D200B2FFD8 /* HomeThirdSubController.swift in Sources */,
				C633E5EE27E5BC6500B2FFD8 /* ProfileViewController.swift in Sources */,
				C633E5CD27E5B98B00B2FFD8 /* Date.swift in Sources */,
				C6EA539F27E795690033DECA /* JoinViewCell.swift in Sources */,
				C633E5CA27E5B96900B2FFD8 /* Device.swift in Sources */,
				C6EA537927E6D2BD0033DECA /* HomeViewMDPickCell.swift in Sources */,
				C65E0C5827EA16D8003921B9 /* ItemDetailViewHeader.swift in Sources */,
				C6EA53AE27E8EC000033DECA /* ItemFourthSubController.swift in Sources */,
				C65E0C6E27EE133D003921B9 /* ItemInfoResponse.swift in Sources */,
				C6EA539327E6E9F90033DECA /* CellData.swift in Sources */,
			);
			runOnlyForDeploymentPostprocessing = 0;
		};
/* End PBXSourcesBuildPhase section */

/* Begin PBXVariantGroup section */
		C633E5AD27E5B79C00B2FFD8 /* Main.storyboard */ = {
			isa = PBXVariantGroup;
			children = (
				C633E5AE27E5B79C00B2FFD8 /* Base */,
			);
			name = Main.storyboard;
			sourceTree = "<group>";
		};
		C633E5B227E5B79E00B2FFD8 /* LaunchScreen.storyboard */ = {
			isa = PBXVariantGroup;
			children = (
				C633E5B327E5B79E00B2FFD8 /* Base */,
			);
			name = LaunchScreen.storyboard;
			sourceTree = "<group>";
		};
/* End PBXVariantGroup section */

/* Begin XCBuildConfiguration section */
		C633E5B627E5B79E00B2FFD8 /* Debug */ = {
			isa = XCBuildConfiguration;
			buildSettings = {
				ALWAYS_SEARCH_USER_PATHS = NO;
				CLANG_ANALYZER_NONNULL = YES;
				CLANG_ANALYZER_NUMBER_OBJECT_CONVERSION = YES_AGGRESSIVE;
				CLANG_CXX_LANGUAGE_STANDARD = "gnu++17";
				CLANG_CXX_LIBRARY = "libc++";
				CLANG_ENABLE_MODULES = YES;
				CLANG_ENABLE_OBJC_ARC = YES;
				CLANG_ENABLE_OBJC_WEAK = YES;
				CLANG_WARN_BLOCK_CAPTURE_AUTORELEASING = YES;
				CLANG_WARN_BOOL_CONVERSION = YES;
				CLANG_WARN_COMMA = YES;
				CLANG_WARN_CONSTANT_CONVERSION = YES;
				CLANG_WARN_DEPRECATED_OBJC_IMPLEMENTATIONS = YES;
				CLANG_WARN_DIRECT_OBJC_ISA_USAGE = YES_ERROR;
				CLANG_WARN_DOCUMENTATION_COMMENTS = YES;
				CLANG_WARN_EMPTY_BODY = YES;
				CLANG_WARN_ENUM_CONVERSION = YES;
				CLANG_WARN_INFINITE_RECURSION = YES;
				CLANG_WARN_INT_CONVERSION = YES;
				CLANG_WARN_NON_LITERAL_NULL_CONVERSION = YES;
				CLANG_WARN_OBJC_IMPLICIT_RETAIN_SELF = YES;
				CLANG_WARN_OBJC_LITERAL_CONVERSION = YES;
				CLANG_WARN_OBJC_ROOT_CLASS = YES_ERROR;
				CLANG_WARN_QUOTED_INCLUDE_IN_FRAMEWORK_HEADER = YES;
				CLANG_WARN_RANGE_LOOP_ANALYSIS = YES;
				CLANG_WARN_STRICT_PROTOTYPES = YES;
				CLANG_WARN_SUSPICIOUS_MOVE = YES;
				CLANG_WARN_UNGUARDED_AVAILABILITY = YES_AGGRESSIVE;
				CLANG_WARN_UNREACHABLE_CODE = YES;
				CLANG_WARN__DUPLICATE_METHOD_MATCH = YES;
				COPY_PHASE_STRIP = NO;
				DEBUG_INFORMATION_FORMAT = dwarf;
				ENABLE_STRICT_OBJC_MSGSEND = YES;
				ENABLE_TESTABILITY = YES;
				GCC_C_LANGUAGE_STANDARD = gnu11;
				GCC_DYNAMIC_NO_PIC = NO;
				GCC_NO_COMMON_BLOCKS = YES;
				GCC_OPTIMIZATION_LEVEL = 0;
				GCC_PREPROCESSOR_DEFINITIONS = (
					"DEBUG=1",
					"$(inherited)",
				);
				GCC_WARN_64_TO_32_BIT_CONVERSION = YES;
				GCC_WARN_ABOUT_RETURN_TYPE = YES_ERROR;
				GCC_WARN_UNDECLARED_SELECTOR = YES;
				GCC_WARN_UNINITIALIZED_AUTOS = YES_AGGRESSIVE;
				GCC_WARN_UNUSED_FUNCTION = YES;
				GCC_WARN_UNUSED_VARIABLE = YES;
				IPHONEOS_DEPLOYMENT_TARGET = 15.2;
				MTL_ENABLE_DEBUG_INFO = INCLUDE_SOURCE;
				MTL_FAST_MATH = YES;
				ONLY_ACTIVE_ARCH = YES;
				SDKROOT = iphoneos;
				SWIFT_ACTIVE_COMPILATION_CONDITIONS = DEBUG;
				SWIFT_OPTIMIZATION_LEVEL = "-Onone";
			};
			name = Debug;
		};
		C633E5B727E5B79E00B2FFD8 /* Release */ = {
			isa = XCBuildConfiguration;
			buildSettings = {
				ALWAYS_SEARCH_USER_PATHS = NO;
				CLANG_ANALYZER_NONNULL = YES;
				CLANG_ANALYZER_NUMBER_OBJECT_CONVERSION = YES_AGGRESSIVE;
				CLANG_CXX_LANGUAGE_STANDARD = "gnu++17";
				CLANG_CXX_LIBRARY = "libc++";
				CLANG_ENABLE_MODULES = YES;
				CLANG_ENABLE_OBJC_ARC = YES;
				CLANG_ENABLE_OBJC_WEAK = YES;
				CLANG_WARN_BLOCK_CAPTURE_AUTORELEASING = YES;
				CLANG_WARN_BOOL_CONVERSION = YES;
				CLANG_WARN_COMMA = YES;
				CLANG_WARN_CONSTANT_CONVERSION = YES;
				CLANG_WARN_DEPRECATED_OBJC_IMPLEMENTATIONS = YES;
				CLANG_WARN_DIRECT_OBJC_ISA_USAGE = YES_ERROR;
				CLANG_WARN_DOCUMENTATION_COMMENTS = YES;
				CLANG_WARN_EMPTY_BODY = YES;
				CLANG_WARN_ENUM_CONVERSION = YES;
				CLANG_WARN_INFINITE_RECURSION = YES;
				CLANG_WARN_INT_CONVERSION = YES;
				CLANG_WARN_NON_LITERAL_NULL_CONVERSION = YES;
				CLANG_WARN_OBJC_IMPLICIT_RETAIN_SELF = YES;
				CLANG_WARN_OBJC_LITERAL_CONVERSION = YES;
				CLANG_WARN_OBJC_ROOT_CLASS = YES_ERROR;
				CLANG_WARN_QUOTED_INCLUDE_IN_FRAMEWORK_HEADER = YES;
				CLANG_WARN_RANGE_LOOP_ANALYSIS = YES;
				CLANG_WARN_STRICT_PROTOTYPES = YES;
				CLANG_WARN_SUSPICIOUS_MOVE = YES;
				CLANG_WARN_UNGUARDED_AVAILABILITY = YES_AGGRESSIVE;
				CLANG_WARN_UNREACHABLE_CODE = YES;
				CLANG_WARN__DUPLICATE_METHOD_MATCH = YES;
				COPY_PHASE_STRIP = NO;
				DEBUG_INFORMATION_FORMAT = "dwarf-with-dsym";
				ENABLE_NS_ASSERTIONS = NO;
				ENABLE_STRICT_OBJC_MSGSEND = YES;
				GCC_C_LANGUAGE_STANDARD = gnu11;
				GCC_NO_COMMON_BLOCKS = YES;
				GCC_WARN_64_TO_32_BIT_CONVERSION = YES;
				GCC_WARN_ABOUT_RETURN_TYPE = YES_ERROR;
				GCC_WARN_UNDECLARED_SELECTOR = YES;
				GCC_WARN_UNINITIALIZED_AUTOS = YES_AGGRESSIVE;
				GCC_WARN_UNUSED_FUNCTION = YES;
				GCC_WARN_UNUSED_VARIABLE = YES;
				IPHONEOS_DEPLOYMENT_TARGET = 15.2;
				MTL_ENABLE_DEBUG_INFO = NO;
				MTL_FAST_MATH = YES;
				SDKROOT = iphoneos;
				SWIFT_COMPILATION_MODE = wholemodule;
				SWIFT_OPTIMIZATION_LEVEL = "-O";
				VALIDATE_PRODUCT = YES;
			};
			name = Release;
		};
		C633E5B927E5B79E00B2FFD8 /* Debug */ = {
			isa = XCBuildConfiguration;
			buildSettings = {
				ASSETCATALOG_COMPILER_APPICON_NAME = AppIcon;
				ASSETCATALOG_COMPILER_GLOBAL_ACCENT_COLOR_NAME = AccentColor;
				CODE_SIGN_STYLE = Automatic;
				CURRENT_PROJECT_VERSION = 1;
				DEVELOPMENT_TEAM = QKVG29AUNS;
				GENERATE_INFOPLIST_FILE = YES;
				INFOPLIST_FILE = MarketCurly_RisingTest/Info.plist;
				INFOPLIST_KEY_UIApplicationSupportsIndirectInputEvents = YES;
				INFOPLIST_KEY_UILaunchStoryboardName = LaunchScreen;
				INFOPLIST_KEY_UIMainStoryboardFile = Main;
				INFOPLIST_KEY_UISupportedInterfaceOrientations_iPad = "UIInterfaceOrientationPortrait UIInterfaceOrientationPortraitUpsideDown UIInterfaceOrientationLandscapeLeft UIInterfaceOrientationLandscapeRight";
				INFOPLIST_KEY_UISupportedInterfaceOrientations_iPhone = "UIInterfaceOrientationPortrait UIInterfaceOrientationLandscapeLeft UIInterfaceOrientationLandscapeRight";
				LD_RUNPATH_SEARCH_PATHS = (
					"$(inherited)",
					"@executable_path/Frameworks",
				);
				MARKETING_VERSION = 1.0;
				PRODUCT_BUNDLE_IDENTIFIER = "net.JM.MarketCurly-RisingTest";
				PRODUCT_NAME = "$(TARGET_NAME)";
				SWIFT_EMIT_LOC_STRINGS = YES;
				SWIFT_VERSION = 5.0;
				TARGETED_DEVICE_FAMILY = "1,2";
			};
			name = Debug;
		};
		C633E5BA27E5B79E00B2FFD8 /* Release */ = {
			isa = XCBuildConfiguration;
			buildSettings = {
				ASSETCATALOG_COMPILER_APPICON_NAME = AppIcon;
				ASSETCATALOG_COMPILER_GLOBAL_ACCENT_COLOR_NAME = AccentColor;
				CODE_SIGN_STYLE = Automatic;
				CURRENT_PROJECT_VERSION = 1;
				DEVELOPMENT_TEAM = QKVG29AUNS;
				GENERATE_INFOPLIST_FILE = YES;
				INFOPLIST_FILE = MarketCurly_RisingTest/Info.plist;
				INFOPLIST_KEY_UIApplicationSupportsIndirectInputEvents = YES;
				INFOPLIST_KEY_UILaunchStoryboardName = LaunchScreen;
				INFOPLIST_KEY_UIMainStoryboardFile = Main;
				INFOPLIST_KEY_UISupportedInterfaceOrientations_iPad = "UIInterfaceOrientationPortrait UIInterfaceOrientationPortraitUpsideDown UIInterfaceOrientationLandscapeLeft UIInterfaceOrientationLandscapeRight";
				INFOPLIST_KEY_UISupportedInterfaceOrientations_iPhone = "UIInterfaceOrientationPortrait UIInterfaceOrientationLandscapeLeft UIInterfaceOrientationLandscapeRight";
				LD_RUNPATH_SEARCH_PATHS = (
					"$(inherited)",
					"@executable_path/Frameworks",
				);
				MARKETING_VERSION = 1.0;
				PRODUCT_BUNDLE_IDENTIFIER = "net.JM.MarketCurly-RisingTest";
				PRODUCT_NAME = "$(TARGET_NAME)";
				SWIFT_EMIT_LOC_STRINGS = YES;
				SWIFT_VERSION = 5.0;
				TARGETED_DEVICE_FAMILY = "1,2";
			};
			name = Release;
		};
/* End XCBuildConfiguration section */

/* Begin XCConfigurationList section */
		C633E59F27E5B79C00B2FFD8 /* Build configuration list for PBXProject "MarketCurly_RisingTest" */ = {
			isa = XCConfigurationList;
			buildConfigurations = (
				C633E5B627E5B79E00B2FFD8 /* Debug */,
				C633E5B727E5B79E00B2FFD8 /* Release */,
			);
			defaultConfigurationIsVisible = 0;
			defaultConfigurationName = Release;
		};
		C633E5B827E5B79E00B2FFD8 /* Build configuration list for PBXNativeTarget "MarketCurly_RisingTest" */ = {
			isa = XCConfigurationList;
			buildConfigurations = (
				C633E5B927E5B79E00B2FFD8 /* Debug */,
				C633E5BA27E5B79E00B2FFD8 /* Release */,
			);
			defaultConfigurationIsVisible = 0;
			defaultConfigurationName = Release;
		};
/* End XCConfigurationList section */

/* Begin XCRemoteSwiftPackageReference section */
		C6EA536F27E6D13D0033DECA /* XCRemoteSwiftPackageReference "lottie-ios" */ = {
			isa = XCRemoteSwiftPackageReference;
			repositoryURL = "https://github.com/airbnb/lottie-ios";
			requirement = {
				branch = master;
				kind = branch;
			};
		};
		C6EA537227E6D1450033DECA /* XCRemoteSwiftPackageReference "Alamofire" */ = {
			isa = XCRemoteSwiftPackageReference;
			repositoryURL = "https://github.com/Alamofire/Alamofire.git";
			requirement = {
				branch = master;
				kind = branch;
			};
		};
		C6EA537527E6D14F0033DECA /* XCRemoteSwiftPackageReference "Tabman" */ = {
			isa = XCRemoteSwiftPackageReference;
			repositoryURL = "https://github.com/uias/Tabman";
			requirement = {
				branch = main;
				kind = branch;
			};
		};
/* End XCRemoteSwiftPackageReference section */

/* Begin XCSwiftPackageProductDependency section */
		C6EA537027E6D13D0033DECA /* Lottie */ = {
			isa = XCSwiftPackageProductDependency;
			package = C6EA536F27E6D13D0033DECA /* XCRemoteSwiftPackageReference "lottie-ios" */;
			productName = Lottie;
		};
		C6EA537327E6D1450033DECA /* Alamofire */ = {
			isa = XCSwiftPackageProductDependency;
			package = C6EA537227E6D1450033DECA /* XCRemoteSwiftPackageReference "Alamofire" */;
			productName = Alamofire;
		};
		C6EA537627E6D14F0033DECA /* Tabman */ = {
			isa = XCSwiftPackageProductDependency;
			package = C6EA537527E6D14F0033DECA /* XCRemoteSwiftPackageReference "Tabman" */;
			productName = Tabman;
		};
/* End XCSwiftPackageProductDependency section */
	};
	rootObject = C633E59C27E5B79C00B2FFD8 /* Project object */;
}
